<Project xmlns="http://schemas.microsoft.com/developer/msbuild/2003">
  <PropertyGroup>
    <ProjectGuid>{c13e30a3-fb8b-4adb-8071-464d0dab1e41}</ProjectGuid>
    <MainSource>MxOG15.dpr</MainSource>
    <Configuration Condition=" '$(Configuration)' == '' ">Debug</Configuration>
    <Platform Condition=" '$(Platform)' == '' ">AnyCPU</Platform>
    <DCC_DCCCompiler>DCC32</DCC_DCCCompiler>
    <DCC_DependencyCheckOutputName>..\bin\MxOG15.exe</DCC_DependencyCheckOutputName>
  </PropertyGroup>
  <PropertyGroup Condition=" '$(Configuration)|$(Platform)' == 'Release|AnyCPU' ">
    <Version>7.0</Version>
    <DCC_DebugInformation>False</DCC_DebugInformation>
    <DCC_LocalDebugSymbols>False</DCC_LocalDebugSymbols>
    <DCC_SymbolReferenceInfo>0</DCC_SymbolReferenceInfo>
    <DCC_Define>RELEASE</DCC_Define>
  </PropertyGroup>
  <PropertyGroup Condition=" '$(Configuration)|$(Platform)' == 'Debug|AnyCPU' ">
    <Version>7.0</Version>
    <DCC_Define>DEBUG</DCC_Define>
    <DCC_ExeOutput>../bin</DCC_ExeOutput>
    <DCC_DcuOutput>../obj</DCC_DcuOutput>
    <DCC_ObjOutput>../obj</DCC_ObjOutput>
    <DCC_HppOutput>../obj</DCC_HppOutput>
  </PropertyGroup>
  <ProjectExtensions>
    <Borland.Personality>Delphi.Personality</Borland.Personality>
    <Borland.ProjectType>VCLApplication</Borland.ProjectType>
    <BorlandProject>
<BorlandProject><Delphi.Personality><Parameters><Parameters Name="UseLauncher">False</Parameters><Parameters Name="LoadAllSymbols">True</Parameters><Parameters Name="LoadUnspecifiedSymbols">False</Parameters></Parameters><VersionInfo><VersionInfo Name="IncludeVerInfo">True</VersionInfo><VersionInfo Name="AutoIncBuild">False</VersionInfo><VersionInfo Name="MajorVer">1</VersionInfo><VersionInfo Name="MinorVer">0</VersionInfo><VersionInfo Name="Release">3</VersionInfo><VersionInfo Name="Build">0</VersionInfo><VersionInfo Name="Debug">False</VersionInfo><VersionInfo Name="PreRelease">False</VersionInfo><VersionInfo Name="Special">False</VersionInfo><VersionInfo Name="Private">False</VersionInfo><VersionInfo Name="DLL">False</VersionInfo><VersionInfo Name="Locale">1033</VersionInfo><VersionInfo Name="CodePage">1252</VersionInfo></VersionInfo><VersionInfoKeys><VersionInfoKeys Name="CompanyName">Aura Systems</VersionInfoKeys><VersionInfoKeys Name="FileDescription">MxO Client Interface to G15 Keyboards</VersionInfoKeys><VersionInfoKeys Name="FileVersion">1.0.3.0</VersionInfoKeys><VersionInfoKeys Name="InternalName"></VersionInfoKeys><VersionInfoKeys Name="LegalCopyright">(C) 2008 - Tsusai, Aura Systems</VersionInfoKeys><VersionInfoKeys Name="LegalTrademarks"></VersionInfoKeys><VersionInfoKeys Name="OriginalFilename"></VersionInfoKeys><VersionInfoKeys Name="ProductName">First person who sees this, takes a picture of this, and puts it on the DN1 thread where I release this, wins 10 mil info on Syntax</VersionInfoKeys><VersionInfoKeys Name="ProductVersion">1.0.3.0</VersionInfoKeys><VersionInfoKeys Name="Comments"></VersionInfoKeys></VersionInfoKeys><Source><Source Name="MainSource">MxOG15.dpr</Source></Source></Delphi.Personality></BorlandProject></BorlandProject>
  </ProjectExtensions>
  <Import Project="$(MSBuildBinPath)\Borland.Delphi.Targets" />
  <ItemGroup>
    <DelphiCompile Include="MxOG15.dpr">
      <MainSource>MainSource</MainSource>
    </DelphiCompile>
    <DCCReference Include="Dates.pas" />
    <DCCReference Include="lcdg15.pas" />
    <DCCReference Include="Main.pas">
      <Form>Form1</Form>
    </DCCReference>
  </ItemGroup>
</Project>